lockfileVersion: '9.0'

settings:
  autoInstallPeers: true
  excludeLinksFromLockfile: false

importers:

  .:
    dependencies:
      '@brotocol-xyz/bro-sdk':
        specifier: file:../..
        version: file:../..(@stacks/common@7.0.2)
      '@types/node':
        specifier: ^22.15.17
        version: 22.15.17
      axios:
        specifier: ^1.9.0
        version: 1.9.0
      bitcoinjs-lib:
        specifier: ^6.1.7
        version: 6.1.7
      ethers:
        specifier: ^6.14.0
        version: 6.14.0

packages:

  '@adraffy/ens-normalize@1.10.1':
    resolution: {integrity: sha512-96Z2IP3mYmF1Xg2cDm8f1gWGf/HUVedQ3FMifV4kG/PQ4yEP51xDtRAEfhVNt5f/uzpNkZHwWQuUcu6D6K+Ekw==}

  '@brotocol-xyz/bro-sdk@file:../..':
    resolution: {directory: ../.., type: directory}

  '@c4/btc-utils@0.3.1':
    resolution: {integrity: sha512-mhJ43BhjJP7KspiWZVNnvCy3VTmN8EksBiV+d49jVPBDwrj8dBGuhbv3aM+AVnIfq4Z0Ds6k6q2wkl/lKeNcOA==}

  '@noble/curves@1.2.0':
    resolution: {integrity: sha512-oYclrNgRaM9SsBUBVbb8M6DTV7ZHRTKugureoYEncY5c65HOmRzvSiTE3y5CYaPYJA/GVkrhXEoF0M3Ya9PMnw==}

  '@noble/curves@1.8.2':
    resolution: {integrity: sha512-vnI7V6lFNe0tLAuJMu+2sX+FcL14TaCWy1qiczg1VwRmPrpQCdq5ESXQMqUc2tluRNf6irBXrWbl1mGN8uaU/g==}
    engines: {node: ^14.21.3 || >=16}

  '@noble/curves@1.9.0':
    resolution: {integrity: sha512-7YDlXiNMdO1YZeH6t/kvopHHbIZzlxrCV9WLqCY6QhcXOoXiNCMDqJIglZ9Yjx5+w7Dz30TITFrlTjnRg7sKEg==}
    engines: {node: ^14.21.3 || >=16}

  '@noble/hashes@1.1.5':
    resolution: {integrity: sha512-LTMZiiLc+V4v1Yi16TD6aX2gmtKszNye0pQgbaLqkvhIqP7nVsSaJsWloGQjJfJ8offaoP5GtX3yY5swbcJxxQ==}

  '@noble/hashes@1.3.2':
    resolution: {integrity: sha512-MVC8EAQp7MvEcm30KWENFjgR+Mkmf+D189XJTkFIlwohU5hcBbn1ZkKq7KVTi2Hme3PMGF390DaL52beVrIihQ==}
    engines: {node: '>= 16'}

  '@noble/hashes@1.7.2':
    resolution: {integrity: sha512-biZ0NUSxyjLLqo6KxEJ1b+C2NAx0wtDoFvCaXHGgUkeHzf3Xc1xKumFKREuT7f7DARNZ/slvYUwFG6B0f2b6hQ==}
    engines: {node: ^14.21.3 || >=16}

  '@noble/hashes@1.8.0':
    resolution: {integrity: sha512-jCs9ldd7NwzpgXDIf6P3+NrHh9/sD6CQdxHyjQI+h/6rDNo88ypBxxz45UDuZHz9r3tNz7N/VInSVoVdtXEI4A==}
    engines: {node: ^14.21.3 || >=16}

  '@noble/secp256k1@1.7.1':
    resolution: {integrity: sha512-hOUk6AyBFmqVrv7k5WAw/LpszxVbj9gGN4JRkIX52fdFAj1UA61KXmZDvqVEm+pOyec3+fIeZB02LYa/pWOArw==}

  '@scure/base@1.2.5':
    resolution: {integrity: sha512-9rE6EOVeIQzt5TSu4v+K523F8u6DhBsoZWPGKlnCshhlDhy0kJzUX4V+tr2dWmzF1GdekvThABoEQBGBQI7xZw==}

  '@scure/bip32@1.6.2':
    resolution: {integrity: sha512-t96EPDMbtGgtb7onKKqxRLfE5g05k7uHnHRM2xdE6BP/ZmxaLtPek4J4KfVn/90IQNrU1IOAqMgiDtUdtbe3nw==}

  '@scure/bip39@1.5.4':
    resolution: {integrity: sha512-TFM4ni0vKvCfBpohoh+/lY05i9gRbSwXWngAsF4CABQxoaOHijxuaZ2R6cStDQ5CHtHO9aGJTr4ksVJASRRyMA==}

  '@scure/btc-signer@1.8.0':
    resolution: {integrity: sha512-lzf9ugp2hZwP84bdRQuxdX2iib3wyUs7+8+Ph/hanVaXWGOZfSfgEZFaOyocj/Qh0Igt1WHkZh6hdh4KloynNQ==}

  '@stacks/common@7.0.2':
    resolution: {integrity: sha512-+RSecHdkxOtswmE4tDDoZlYEuULpnTQVeDIG5eZ32opK8cFxf4EugAcK9CsIsHx/Se1yTEaQ21WGATmJGK84lQ==}

  '@stacks/network@7.0.2':
    resolution: {integrity: sha512-XzHnoWqku/jRrTgMXhmh3c+I0O9vDH24KlhzGDZtBu+8CGGyHNPAZzGwvoUShonMXrXjEnfO9IYQwV5aJhfv6g==}

  '@stacks/stacks-blockchain-api-types@7.14.1':
    resolution: {integrity: sha512-65hvhXxC+EUqHJAQsqlBCqXB+zwfxZICSKYJugdg6BCp9I9qniyfz5XyQeC4RMVo0tgEoRdS/b5ZCFo5kLWmxA==}

  '@stacks/transactions@7.0.6':
    resolution: {integrity: sha512-qRGo4tNwOh+avUv/u4JGqqUWQ8xW/iUWtJV0o3BxpMyRxqDXmj+m+yeAEVYf9jRDouOo+NaWmwtRmWc0URZPdw==}

  '@types/node@22.15.17':
    resolution: {integrity: sha512-wIX2aSZL5FE+MR0JlvF87BNVrtFWf6AE6rxSE9X7OwnVvoyCQjpzSRJ+M87se/4QCkCiebQAqrJ0y6fwIyi7nw==}

  '@types/node@22.7.5':
    resolution: {integrity: sha512-jML7s2NAzMWc//QSJ1a3prpk78cOPchGvXJsC3C6R6PSMoooztvRVQEz89gmBTBY1SPMaqo5teB4uNHPdetShQ==}

  abitype@1.0.8:
    resolution: {integrity: sha512-ZeiI6h3GnW06uYDLx0etQtX/p8E24UaHHBj57RSjK7YBFe7iuVn07EDpOeP451D06sF27VOz9JJPlIKJmXgkEg==}
    peerDependencies:
      typescript: '>=5.0.4'
      zod: ^3 >=3.22.0
    peerDependenciesMeta:
      typescript:
        optional: true
      zod:
        optional: true

  aes-js@4.0.0-beta.5:
    resolution: {integrity: sha512-G965FqalsNyrPqgEGON7nIx1e/OVENSgiEIzyC63haUMuvNnwIgIjMs52hlTCKhkBny7A2ORNlfY9Zu+jmGk1Q==}

  ansi-regex@5.0.1:
    resolution: {integrity: sha512-quJQXlTSUGL2LH9SUXo8VwsY4soanhgo6LNSm84E1LBcE8s3O0wpdiRzyR9z/ZZJMlMWv37qOOb9pdJlMUEKFQ==}
    engines: {node: '>=8'}

  ansi-styles@4.3.0:
    resolution: {integrity: sha512-zbB9rCJAT1rbjiVDb2hqKFHNYLxgtk8NURxZ3IZwD3F6NtxbXZQCnnSi1Lkx+IDohdPlFp222wVALIheZJQSEg==}
    engines: {node: '>=8'}

  asynckit@0.4.0:
    resolution: {integrity: sha512-Oei9OH4tRh0YqU3GxhX79dM/mwVgvbZJaSNaRk+bshkj0S5cfHcgYakreBjrHwatXKbz+IoIdYLxrKim2MjW0Q==}

  axios@1.9.0:
    resolution: {integrity: sha512-re4CqKTJaURpzbLHtIi6XpDv20/CnpXOtjRY5/CU32L8gU8ek9UIivcfvSWvmKEngmVbrUtPpdDwWDWL7DNHvg==}

  base-x@4.0.1:
    resolution: {integrity: sha512-uAZ8x6r6S3aUM9rbHGVOIsR15U/ZSc82b3ymnCPsT45Gk1DDvhDPdIgB5MrhirZWt+5K0EEPQH985kNqZgNPFw==}

  bech32@2.0.0:
    resolution: {integrity: sha512-LcknSilhIGatDAsY1ak2I8VtGaHNhgMSYVxFrGLXv+xLHytaKZKcaUJJUE7qmBr7h33o5YQwP55pMI0xmkpJwg==}

  big.js@6.2.2:
    resolution: {integrity: sha512-y/ie+Faknx7sZA5MfGA2xKlu0GDv8RWrXGsmlteyJQ2lvoKv9GBK/fpRMc2qlSoBAgNxrixICFCBefIq8WCQpQ==}

  bip174@2.1.1:
    resolution: {integrity: sha512-mdFV5+/v0XyNYXjBS6CQPLo9ekCx4gtKZFnJm5PMto7Fs9hTTDpkkzOB7/FtluRI6JbUUAu+snTYfJRgHLZbZQ==}
    engines: {node: '>=8.0.0'}

  bitcoinjs-lib@6.1.7:
    resolution: {integrity: sha512-tlf/r2DGMbF7ky1MgUqXHzypYHakkEnm0SZP23CJKIqNY/5uNAnMbFhMJdhjrL/7anfb/U8+AlpdjPWjPnAalg==}
    engines: {node: '>=8.0.0'}

  bs58@5.0.0:
    resolution: {integrity: sha512-r+ihvQJvahgYT50JD05dyJNKlmmSlMoOGwn1lCcEzanPglg7TxYjioQUYehQ9mAR/+hOSd2jRc/Z2y5UxBymvQ==}

  bs58check@3.0.1:
    resolution: {integrity: sha512-hjuuJvoWEybo7Hn/0xOrczQKKEKD63WguEjlhLExYs2wUBcebDC1jDNK17eEAD2lYfw82d5ASC1d7K3SWszjaQ==}

  c32check@2.0.0:
    resolution: {integrity: sha512-rpwfAcS/CMqo0oCqDf3r9eeLgScRE3l/xHDCXhM3UyrfvIn7PrLq63uHh7yYbv8NzaZn5MVsVhIRpQ+5GZ5HyA==}
    engines: {node: '>=8'}

  call-bind-apply-helpers@1.0.2:
    resolution: {integrity: sha512-Sp1ablJ0ivDkSzjcaJdxEunN5/XvksFJ2sMBFfq6x0ryhQV/2b/KwFe21cMpmHtPOSij8K99/wSfoEuTObmuMQ==}
    engines: {node: '>= 0.4'}

  clarity-codegen@1.1.3:
    resolution: {integrity: sha512-/EXXaq5J8e9ldrQjsNPQwr2QOoIMBvLHFab5nahFwdfG18ZiyXSx9SvxHUbzMHBLUzsvgnlmopAlIj+R+2rwmw==}
    hasBin: true
    peerDependencies:
      '@stacks/common': ^7.0.2
      '@stacks/transactions': ^7.0.2

  cliui@8.0.1:
    resolution: {integrity: sha512-BSeNnyus75C4//NQ9gQt1/csTXyo/8Sb+afLAkzAptFuMsod9HFokGNudZpi/oQV73hnVK+sR+5PVRMd+Dr7YQ==}
    engines: {node: '>=12'}

  color-convert@2.0.1:
    resolution: {integrity: sha512-RRECPsj7iu/xb5oKYcsFHSppFNnsj/52OVTRKb4zP5onXwVF3zVmmToNcOfGC+CRDpfK/U584fMg38ZHCaElKQ==}
    engines: {node: '>=7.0.0'}

  color-name@1.1.4:
    resolution: {integrity: sha512-dOy+3AuW3a2wNbZHIuMZpTcgjGuLU/uBL/ubcZF9OXbDo8ff4O8yVp5Bf0efS8uEoYo5q4Fx7dY9OgQGXgAsQA==}

  combined-stream@1.0.8:
    resolution: {integrity: sha512-FQN4MRfuJeHf7cBbBMJFXhKSDq+2kAArBlmRBvcvFE5BB1HZKXtSFASDhdlz9zOYwxh8lDdnvmMOe/+5cdoEdg==}
    engines: {node: '>= 0.8'}

  cross-fetch@3.2.0:
    resolution: {integrity: sha512-Q+xVJLoGOeIMXZmbUK4HYk+69cQH6LudR0Vu/pRm2YlU/hDV9CiS0gKUMaWY5f2NeUH9C1nV3bsTlCo0FsTV1Q==}

  delayed-stream@1.0.0:
    resolution: {integrity: sha512-ZySD7Nf91aLB0RxL4KGrKHBXl7Eds1DAmEdcoVawXnLD7SDhpNgtuII2aAkg7a7QS41jxPSZ17p4VdGnMHk3MQ==}
    engines: {node: '>=0.4.0'}

  dunder-proto@1.0.1:
    resolution: {integrity: sha512-KIN/nDJBQRcXw0MLVhZE9iQHmG68qAVIBg9CqmUYjmQIhgij9U5MFvrqkUL5FbtyyzZuOeOt0zdeRe4UY7ct+A==}
    engines: {node: '>= 0.4'}

  emoji-regex@8.0.0:
    resolution: {integrity: sha512-MSjYzcWNOA0ewAHpz0MxpYFvwg6yjy1NG3xteoqz644VCo/RPgnr1/GGt+ic3iJTzQ8Eu3TdM14SawnVUmGE6A==}

  es-define-property@1.0.1:
    resolution: {integrity: sha512-e3nRfgfUZ4rNGL232gUgX06QNyyez04KdjFrF+LTRoOXmrOgFKDg4BCdsjW8EnT69eqdYGmRpJwiPVYNrCaW3g==}
    engines: {node: '>= 0.4'}

  es-errors@1.3.0:
    resolution: {integrity: sha512-Zf5H2Kxt2xjTvbJvP2ZWLEICxA6j+hAmMzIlypy4xcBg1vKVnx89Wy0GbS+kf5cwCVFFzdCFh2XSCFNULS6csw==}
    engines: {node: '>= 0.4'}

  es-object-atoms@1.1.1:
    resolution: {integrity: sha512-FGgH2h8zKNim9ljj7dankFPcICIK9Cp5bm+c2gQSYePhpaG5+esrLODihIorn+Pe6FGJzWhXQotPv73jTaldXA==}
    engines: {node: '>= 0.4'}

  es-set-tostringtag@2.1.0:
    resolution: {integrity: sha512-j6vWzfrGVfyXxge+O0x5sh6cvxAog0a/4Rdd2K36zCMV5eJ+/+tOAngRO8cODMNWbVRdVlmGZQL2YS3yR8bIUA==}
    engines: {node: '>= 0.4'}

  escalade@3.2.0:
    resolution: {integrity: sha512-WUj2qlxaQtO4g6Pq5c29GTcWGDyd8itL8zTlipgECz3JesAiiOKotd8JU6otB3PACgG6xkJUyVhboMS+bje/jA==}
    engines: {node: '>=6'}

  ethers@6.14.0:
    resolution: {integrity: sha512-KgHwltNSMdbrGWEyKkM0Rt2s+u1nDH/5BVDQakLinzGEJi4bWindBzZSCC4gKsbZjwDTI6ex/8suR9Ihbmz4IQ==}
    engines: {node: '>=14.0.0'}

  eventemitter3@5.0.1:
    resolution: {integrity: sha512-GWkBvjiSZK87ELrYOSESUYeVIc9mvLLf/nXalMOS5dYrgZq9o5OVkbZAVM06CVxYsCwH9BDZFPlQTlPA1j4ahA==}

  follow-redirects@1.15.9:
    resolution: {integrity: sha512-gew4GsXizNgdoRyqmyfMHyAmXsZDk6mHkSxZFCzW9gwlbtOW44CDtYavM+y+72qD/Vq2l550kMF52DT8fOLJqQ==}
    engines: {node: '>=4.0'}
    peerDependencies:
      debug: '*'
    peerDependenciesMeta:
      debug:
        optional: true

  form-data@4.0.2:
    resolution: {integrity: sha512-hGfm/slu0ZabnNt4oaRZ6uREyfCj6P4fT/n6A1rGV+Z0VdGXjfOhVUpkn6qVQONHGIFwmveGXyDs75+nr6FM8w==}
    engines: {node: '>= 6'}

  function-bind@1.1.2:
    resolution: {integrity: sha512-7XHNxH7qX9xG5mIwxkhumTox/MIRNcOgDrxWsMt2pAr23WHp6MrRlN7FBSFpCpr+oVO0F744iUgR82nJMfG2SA==}

  get-caller-file@2.0.5:
    resolution: {integrity: sha512-DyFP3BM/3YHTQOCUL/w0OZHR0lpKeGrxotcHWcqNEdnltqFwXVfhEBQ94eIo34AfQpo0rGki4cyIiftY06h2Fg==}
    engines: {node: 6.* || 8.* || >= 10.*}

  get-intrinsic@1.3.0:
    resolution: {integrity: sha512-9fSjSaos/fRIVIp+xSJlE6lfwhES7LNtKaCBIamHsjr2na1BiABJPo0mOjjz8GJDURarmCPGqaiVg5mfjb98CQ==}
    engines: {node: '>= 0.4'}

  get-proto@1.0.1:
    resolution: {integrity: sha512-sTSfBjoXBp89JvIKIefqw7U2CCebsc74kiY6awiGogKtoSGbgjYE/G/+l9sF3MWFPNc9IcoOC4ODfKHfxFmp0g==}
    engines: {node: '>= 0.4'}

  gopd@1.2.0:
    resolution: {integrity: sha512-ZUKRh6/kUFoAiTAtTYPZJ3hw9wNxx+BIBOijnlG9PnrJsCcSjs1wyyD6vJpaYtgnzDrKYRSqf3OO6Rfa93xsRg==}
    engines: {node: '>= 0.4'}

  has-symbols@1.1.0:
    resolution: {integrity: sha512-1cDNdwJ2Jaohmb3sg4OmKaMBwuC48sYni5HUw2DvsC8LjGTLK9h+eb1X6RyuOHe4hT0ULCW68iomhjUoKUqlPQ==}
    engines: {node: '>= 0.4'}

  has-tostringtag@1.0.2:
    resolution: {integrity: sha512-NqADB8VjPFLM2V0VvHUewwwsw0ZWBaIdgo+ieHtK3hasLz4qeCRjYcqfB6AQrBggRKppKF8L52/VqdVsO47Dlw==}
    engines: {node: '>= 0.4'}

  hasown@2.0.2:
    resolution: {integrity: sha512-0hJU9SCPvmMzIBdZFqNPXWa6dqh7WdH0cII9y+CyS8rG3nL48Bclra9HmKhVVUHyPWNH5Y7xDwAB7bfgSjkUMQ==}
    engines: {node: '>= 0.4'}

  is-fullwidth-code-point@3.0.0:
    resolution: {integrity: sha512-zymm5+u+sCsSWyD9qNaejV3DFvhCKclKdizYaJUuHA83RLjb7nSuGnddCHGv0hk+KY7BMAlsWeK4Ueg6EV6XQg==}
    engines: {node: '>=8'}

  isows@1.0.6:
    resolution: {integrity: sha512-lPHCayd40oW98/I0uvgaHKWCSvkzY27LjWLbtzOm64yQ+G3Q5npjjbdppU65iZXkK1Zt+kH9pfegli0AYfwYYw==}
    peerDependencies:
      ws: '*'

  lodash.clonedeep@4.5.0:
    resolution: {integrity: sha512-H5ZhCF25riFd9uB5UCkVKo61m3S/xZk1x4wA6yp/L3RFP6Z/eHH1ymQcGLo7J3GMPfm0V/7m1tryHuGVxpqEBQ==}

  lodash@4.17.21:
    resolution: {integrity: sha512-v2kDEe57lecTulaDIuNTPy3Ry4gLGJ6Z1O3vE1krgXZNrsQ+LFTGHVxVjcXPs17LhbZVGedAJv8XZ1tvj5FvSg==}

  math-intrinsics@1.1.0:
    resolution: {integrity: sha512-/IXtbwEk5HTPyEwyKX6hGkYXxM9nbj64B+ilVJnC/R6B0pH5G4V3b0pVbL7DBj4tkhBAppbQUlf6F6Xl9LHu1g==}
    engines: {node: '>= 0.4'}

  micro-packed@0.7.3:
    resolution: {integrity: sha512-2Milxs+WNC00TRlem41oRswvw31146GiSaoCT7s3Xi2gMUglW5QBeqlQaZeHr5tJx9nm3i57LNXPqxOOaWtTYg==}

  mime-db@1.52.0:
    resolution: {integrity: sha512-sPU4uV7dYlvtWJxwwxHD0PuihVNiE7TyAbQ5SWxDCB9mUYvOgroQOwYQQOKPJ8CIbE+1ETVlOoK1UC2nU3gYvg==}
    engines: {node: '>= 0.6'}

  mime-types@2.1.35:
    resolution: {integrity: sha512-ZDY+bPm5zTTF+YpCrAU9nK0UgICYPT0QtT1NZWFv4s++TNkcgVaT0g6+4R2uI4MjQjzysHB1zxuWL50hzaeXiw==}
    engines: {node: '>= 0.6'}

  node-fetch@2.7.0:
    resolution: {integrity: sha512-c4FRfUm/dbcWZ7U+1Wq0AwCyFL+3nt2bEw05wfxSz+DWpWsitgmSgYmy2dQdWyKC1694ELPqMs/YzUSNozLt8A==}
    engines: {node: 4.x || >=6.0.0}
    peerDependencies:
      encoding: ^0.1.0
    peerDependenciesMeta:
      encoding:
        optional: true

  ox@0.6.9:
    resolution: {integrity: sha512-wi5ShvzE4eOcTwQVsIPdFr+8ycyX+5le/96iAJutaZAvCes1J0+RvpEPg5QDPDiaR0XQQAvZVl7AwqQcINuUug==}
    peerDependencies:
      typescript: '>=5.4.0'
    peerDependenciesMeta:
      typescript:
        optional: true

  proxy-from-env@1.1.0:
    resolution: {integrity: sha512-D+zkORCbA9f1tdWRK0RaCR3GPv50cMxcrz4X8k5LTSUD1Dkw47mKJEZQNunItRTkWwgtaUSo1RVFRIG9ZXiFYg==}

  require-directory@2.1.1:
    resolution: {integrity: sha512-fGxEI7+wsG9xrvdjsrlmL22OMTTiHRwAMroiEeMgq8gzoLC/PQr7RsRDSTLUg/bZAZtF+TVIkHc6/4RIKrui+Q==}
    engines: {node: '>=0.10.0'}

  safe-buffer@5.2.1:
    resolution: {integrity: sha512-rp3So07KcdmmKbGvgaNxQSJr7bGVSVk5S9Eq1F+ppbRo70+YeaDxkw5Dd8NPN+GD6bjnYm2VuPuCXmpuYvmCXQ==}

  string-width@4.2.3:
    resolution: {integrity: sha512-wKyQRQpjJ0sIp62ErSZdGsjMJWsap5oRNihHhu6G7JVO/9jIB6UyevL+tXuOqrng8j/cxKTWyWUwvSTriiZz/g==}
    engines: {node: '>=8'}

  strip-ansi@6.0.1:
    resolution: {integrity: sha512-Y38VPSHcqkFrCpFnQ9vuSXmquuv5oXOKpGeT6aGrr3o3Gc9AlVa6JBfUSOCnbxGGZF+/0ooI7KrPuUSztUdU5A==}
    engines: {node: '>=8'}

  tr46@0.0.3:
    resolution: {integrity: sha512-N3WMsuqV66lT30CrXNbEjx4GEwlow3v6rr4mCcv6prnfwhS01rkgyFdjPNBYd9br7LpXV1+Emh01fHnq2Gdgrw==}

  tslib@2.7.0:
    resolution: {integrity: sha512-gLXCKdN1/j47AiHiOkJN69hJmcbGTHI0ImLmbYLHykhgeN0jVGola9yVjFgzCUklsZQMW55o+dW7IXv3RCXDzA==}

  typeforce@1.18.0:
    resolution: {integrity: sha512-7uc1O8h1M1g0rArakJdf0uLRSSgFcYexrVoKo+bzJd32gd4gDy2L/Z+8/FjPnU9ydY3pEnVPtr9FyscYY60K1g==}

  undici-types@6.19.8:
    resolution: {integrity: sha512-ve2KP6f/JnbPBFyobGHuerC9g1FYGn/F8n1LWTwNxCEzd6IfqTwUQcNXgEtmmQ6DlRrC1hrSrBnCZPokRrDHjw==}

  undici-types@6.21.0:
    resolution: {integrity: sha512-iwDZqg0QAGrg9Rav5H4n0M64c3mkR59cJ6wQp+7C4nI0gsmExaedaYLNO44eT4AtBBwjbTiGPMlt2Md0T9H9JQ==}

  varuint-bitcoin@1.1.2:
    resolution: {integrity: sha512-4EVb+w4rx+YfVM32HQX42AbbT7/1f5zwAYhIujKXKk8NQK+JfRVl3pqT3hjNn/L+RstigmGGKVwHA/P0wgITZw==}

  viem@2.29.2:
    resolution: {integrity: sha512-cukRxab90jvQ+TDD84sU3qB3UmejYqgCw4cX8SfWzvh7JPfZXI3kAMUaT5OSR2As1Mgvx1EJawccwPjGqkSSwA==}
    peerDependencies:
      typescript: '>=5.0.4'
    peerDependenciesMeta:
      typescript:
        optional: true

  webidl-conversions@3.0.1:
    resolution: {integrity: sha512-2JAn3z8AR6rjK8Sm8orRC0h/bcl/DqL7tRPdGZ4I1CjdF+EaMLmYxBHyXuKL849eucPFhvBoxMsflfOb8kxaeQ==}

  whatwg-url@5.0.0:
    resolution: {integrity: sha512-saE57nupxk6v3HY35+jzBwYa0rKSy0XR8JSxZPwgLr7ys0IBzhGviA1/TUGJLmSVqs8pb9AnvICXEuOHLprYTw==}

  wrap-ansi@7.0.0:
    resolution: {integrity: sha512-YVGIj2kamLSTxw6NsZjoBxfSwsn0ycdesmc4p+Q21c5zPuZ1pl+NfxVdxPtdHvmNVOQ6XSYG4AUtyt/Fi7D16Q==}
    engines: {node: '>=10'}

  ws@8.17.1:
    resolution: {integrity: sha512-6XQFvXTkbfUOZOKKILFG1PDK2NDQs4azKQl26T0YS5CxqWLgXajbPZ+h4gZekJyRqFU8pvnbAbbs/3TgRPy+GQ==}
    engines: {node: '>=10.0.0'}
    peerDependencies:
      bufferutil: ^4.0.1
      utf-8-validate: '>=5.0.2'
    peerDependenciesMeta:
      bufferutil:
        optional: true
      utf-8-validate:
        optional: true

  ws@8.18.1:
    resolution: {integrity: sha512-RKW2aJZMXeMxVpnZ6bck+RswznaxmzdULiBr6KY7XkTnW8uvt0iT9H5DkHUChXrc+uurzwa0rVI16n/Xzjdz1w==}
    engines: {node: '>=10.0.0'}
    peerDependencies:
      bufferutil: ^4.0.1
      utf-8-validate: '>=5.0.2'
    peerDependenciesMeta:
      bufferutil:
        optional: true
      utf-8-validate:
        optional: true

  y18n@5.0.8:
    resolution: {integrity: sha512-0pfFzegeDWJHJIAmTLRP2DwHjdF5s7jo9tuztdQxAhINCdvS+3nGINqPd00AphqJR/0LhANUS6/+7SCb98YOfA==}
    engines: {node: '>=10'}

  yargs-parser@21.1.1:
    resolution: {integrity: sha512-tVpsJW7DdjecAiFpbIB1e3qxIQsE6NoPc5/eTdrbbIC4h0LVsWhnoa3g+m2HclBIujHzsxZ4VJVA+GUuc2/LBw==}
    engines: {node: '>=12'}

  yargs@17.7.2:
    resolution: {integrity: sha512-7dSzzRQ++CKnNI/krKnYRV7JKKPUXMEh61soaHKg9mrWEhzFWhFnxPxGl+69cD1Ou63C13NUPCnmIcrvqCuM6w==}
    engines: {node: '>=12'}

  yqueue@1.0.1:
    resolution: {integrity: sha512-DBxJZBRafFLA/tCc5uO8ZTGFr+sQgn1FRJkZ4cVrIQIk6bv2bInraE3mbpLAJw9z93JGrLkqDoyTLrrZaCNq5w==}

snapshots:

  '@adraffy/ens-normalize@1.10.1': {}

  '@brotocol-xyz/bro-sdk@file:../..(@stacks/common@7.0.2)':
    dependencies:
      '@c4/btc-utils': 0.3.1
      '@scure/btc-signer': 1.8.0
      '@stacks/network': 7.0.2
      '@stacks/transactions': 7.0.6
      big.js: 6.2.2
      c32check: 2.0.0
      clarity-codegen: 1.1.3(@stacks/common@7.0.2)(@stacks/transactions@7.0.6)
      viem: 2.29.2
    transitivePeerDependencies:
      - '@stacks/common'
      - bufferutil
      - debug
      - encoding
      - typescript
      - utf-8-validate
      - zod

  '@c4/btc-utils@0.3.1':
    optionalDependencies:
      '@scure/btc-signer': 1.8.0

  '@noble/curves@1.2.0':
    dependencies:
      '@noble/hashes': 1.3.2

  '@noble/curves@1.8.2':
    dependencies:
      '@noble/hashes': 1.7.2

  '@noble/curves@1.9.0':
    dependencies:
      '@noble/hashes': 1.8.0

  '@noble/hashes@1.1.5': {}

  '@noble/hashes@1.3.2': {}

  '@noble/hashes@1.7.2': {}

  '@noble/hashes@1.8.0': {}

  '@noble/secp256k1@1.7.1': {}

  '@scure/base@1.2.5': {}

  '@scure/bip32@1.6.2':
    dependencies:
      '@noble/curves': 1.8.2
      '@noble/hashes': 1.7.2
      '@scure/base': 1.2.5

  '@scure/bip39@1.5.4':
    dependencies:
      '@noble/hashes': 1.7.2
      '@scure/base': 1.2.5

  '@scure/btc-signer@1.8.0':
    dependencies:
      '@noble/curves': 1.9.0
      '@noble/hashes': 1.8.0
      '@scure/base': 1.2.5
      micro-packed: 0.7.3

  '@stacks/common@7.0.2': {}

  '@stacks/network@7.0.2':
    dependencies:
      '@stacks/common': 7.0.2
      cross-fetch: 3.2.0
    transitivePeerDependencies:
      - encoding

  '@stacks/stacks-blockchain-api-types@7.14.1': {}

  '@stacks/transactions@7.0.6':
    dependencies:
      '@noble/hashes': 1.1.5
      '@noble/secp256k1': 1.7.1
      '@stacks/common': 7.0.2
      '@stacks/network': 7.0.2
      c32check: 2.0.0
      lodash.clonedeep: 4.5.0
    transitivePeerDependencies:
      - encoding

  '@types/node@22.15.17':
    dependencies:
      undici-types: 6.21.0

  '@types/node@22.7.5':
    dependencies:
      undici-types: 6.19.8

  abitype@1.0.8: {}

  aes-js@4.0.0-beta.5: {}

  ansi-regex@5.0.1: {}

  ansi-styles@4.3.0:
    dependencies:
      color-convert: 2.0.1

  asynckit@0.4.0: {}

  axios@1.9.0:
    dependencies:
      follow-redirects: 1.15.9
      form-data: 4.0.2
      proxy-from-env: 1.1.0
    transitivePeerDependencies:
      - debug

  base-x@4.0.1: {}

  bech32@2.0.0: {}

  big.js@6.2.2: {}

  bip174@2.1.1: {}

  bitcoinjs-lib@6.1.7:
    dependencies:
      '@noble/hashes': 1.8.0
      bech32: 2.0.0
      bip174: 2.1.1
      bs58check: 3.0.1
      typeforce: 1.18.0
      varuint-bitcoin: 1.1.2

  bs58@5.0.0:
    dependencies:
      base-x: 4.0.1

  bs58check@3.0.1:
    dependencies:
      '@noble/hashes': 1.8.0
      bs58: 5.0.0

  c32check@2.0.0:
    dependencies:
      '@noble/hashes': 1.8.0
      base-x: 4.0.1

  call-bind-apply-helpers@1.0.2:
    dependencies:
      es-errors: 1.3.0
      function-bind: 1.1.2

  clarity-codegen@1.1.3(@stacks/common@7.0.2)(@stacks/transactions@7.0.6):
    dependencies:
      '@stacks/common': 7.0.2
      '@stacks/stacks-blockchain-api-types': 7.14.1
      '@stacks/transactions': 7.0.6
      axios: 1.9.0
      lodash: 4.17.21
      yargs: 17.7.2
      yqueue: 1.0.1
    transitivePeerDependencies:
      - debug

  cliui@8.0.1:
    dependencies:
      string-width: 4.2.3
      strip-ansi: 6.0.1
      wrap-ansi: 7.0.0

  color-convert@2.0.1:
    dependencies:
      color-name: 1.1.4

  color-name@1.1.4: {}

  combined-stream@1.0.8:
    dependencies:
      delayed-stream: 1.0.0

  cross-fetch@3.2.0:
    dependencies:
      node-fetch: 2.7.0
    transitivePeerDependencies:
      - encoding

  delayed-stream@1.0.0: {}

  dunder-proto@1.0.1:
    dependencies:
      call-bind-apply-helpers: 1.0.2
      es-errors: 1.3.0
      gopd: 1.2.0

  emoji-regex@8.0.0: {}

  es-define-property@1.0.1: {}

  es-errors@1.3.0: {}

  es-object-atoms@1.1.1:
    dependencies:
      es-errors: 1.3.0

  es-set-tostringtag@2.1.0:
    dependencies:
      es-errors: 1.3.0
      get-intrinsic: 1.3.0
      has-tostringtag: 1.0.2
      hasown: 2.0.2

  escalade@3.2.0: {}

  ethers@6.14.0:
    dependencies:
      '@adraffy/ens-normalize': 1.10.1
      '@noble/curves': 1.2.0
      '@noble/hashes': 1.3.2
      '@types/node': 22.7.5
      aes-js: 4.0.0-beta.5
      tslib: 2.7.0
      ws: 8.17.1
    transitivePeerDependencies:
      - bufferutil
      - utf-8-validate

  eventemitter3@5.0.1: {}

  follow-redirects@1.15.9: {}

  form-data@4.0.2:
    dependencies:
      asynckit: 0.4.0
      combined-stream: 1.0.8
      es-set-tostringtag: 2.1.0
      mime-types: 2.1.35

  function-bind@1.1.2: {}

  get-caller-file@2.0.5: {}

  get-intrinsic@1.3.0:
    dependencies:
      call-bind-apply-helpers: 1.0.2
      es-define-property: 1.0.1
      es-errors: 1.3.0
      es-object-atoms: 1.1.1
      function-bind: 1.1.2
      get-proto: 1.0.1
      gopd: 1.2.0
      has-symbols: 1.1.0
      hasown: 2.0.2
      math-intrinsics: 1.1.0

  get-proto@1.0.1:
    dependencies:
      dunder-proto: 1.0.1
      es-object-atoms: 1.1.1

  gopd@1.2.0: {}

  has-symbols@1.1.0: {}

  has-tostringtag@1.0.2:
    dependencies:
      has-symbols: 1.1.0

  hasown@2.0.2:
    dependencies:
      function-bind: 1.1.2

  is-fullwidth-code-point@3.0.0: {}

  isows@1.0.6(ws@8.18.1):
    dependencies:
      ws: 8.18.1

  lodash.clonedeep@4.5.0: {}

  lodash@4.17.21: {}

  math-intrinsics@1.1.0: {}

  micro-packed@0.7.3:
    dependencies:
      '@scure/base': 1.2.5

  mime-db@1.52.0: {}

  mime-types@2.1.35:
    dependencies:
      mime-db: 1.52.0

  node-fetch@2.7.0:
    dependencies:
      whatwg-url: 5.0.0

  ox@0.6.9:
    dependencies:
      '@adraffy/ens-normalize': 1.10.1
      '@noble/curves': 1.8.2
      '@noble/hashes': 1.8.0
      '@scure/bip32': 1.6.2
      '@scure/bip39': 1.5.4
      abitype: 1.0.8
      eventemitter3: 5.0.1
    transitivePeerDependencies:
      - zod

  proxy-from-env@1.1.0: {}

  require-directory@2.1.1: {}

  safe-buffer@5.2.1: {}

  string-width@4.2.3:
    dependencies:
      emoji-regex: 8.0.0
      is-fullwidth-code-point: 3.0.0
      strip-ansi: 6.0.1

  strip-ansi@6.0.1:
    dependencies:
      ansi-regex: 5.0.1

  tr46@0.0.3: {}

  tslib@2.7.0: {}

  typeforce@1.18.0: {}

  undici-types@6.19.8: {}

  undici-types@6.21.0: {}

  varuint-bitcoin@1.1.2:
    dependencies:
      safe-buffer: 5.2.1

  viem@2.29.2:
    dependencies:
      '@noble/curves': 1.8.2
      '@noble/hashes': 1.7.2
      '@scure/bip32': 1.6.2
      '@scure/bip39': 1.5.4
      abitype: 1.0.8
      isows: 1.0.6(ws@8.18.1)
      ox: 0.6.9
      ws: 8.18.1
    transitivePeerDependencies:
      - bufferutil
      - utf-8-validate
      - zod

  webidl-conversions@3.0.1: {}

  whatwg-url@5.0.0:
    dependencies:
      tr46: 0.0.3
      webidl-conversions: 3.0.1

  wrap-ansi@7.0.0:
    dependencies:
      ansi-styles: 4.3.0
      string-width: 4.2.3
      strip-ansi: 6.0.1

  ws@8.17.1: {}

  ws@8.18.1: {}

  y18n@5.0.8: {}

  yargs-parser@21.1.1: {}

  yargs@17.7.2:
    dependencies:
      cliui: 8.0.1
      escalade: 3.2.0
      get-caller-file: 2.0.5
      require-directory: 2.1.1
      string-width: 4.2.3
      y18n: 5.0.8
      yargs-parser: 21.1.1

  yqueue@1.0.1: {}
